<Solution>
  <Folder Name="/Solution Items/">
    <File Path="Directory.Packages.props" />
  </Folder>
  <Folder Name="/src/">
    <Project Path="src/Devnet.Vault.Api/Devnet.Vault.Api.csproj" />
    <Project Path="src/Devnet.Vault.Application/Devnet.Vault.Application.csproj" />
    <Project Path="src/Devnet.Vault.Domain/Devnet.Vault.Domain.csproj" />
    <Project Path="src/Devnet.Vault.Infrastructure/Devnet.Vault.Infrastructure.csproj" />
  </Folder>
  <Folder Name="/tests/">
    <Project Path="tests/Devnet.Vault.Tests.Architecture/Devnet.Vault.Tests.Architecture.csproj" />
  </Folder>
</Solution>
